
Microsoft Visual Studio Solution File, Format Version 12.00
# Visual Studio 2012
Project("{8BC9CEB8-8B4A-11D0-8D11-00A0C91BC942}") = "tmr_configwriter", "tmr_configwriter\tmr_configwriter.vcxproj", "{AD541794-E0A0-45B8-B0AC-0912E15C45F9}"
EndProject
Global
	GlobalSection(SolutionConfigurationPlatforms) = preSolution
		Debug|Win32 = Debug|Win32
		Release|Win32 = Release|Win32
	EndGlobalSection
	GlobalSection(ProjectConfigurationPlatforms) = postSolution
		{AD541794-E0A0-45B8-B0AC-0912E15C45F9}.Debug|Win32.ActiveCfg = Release|Win32
		{AD541794-E0A0-45B8-B0AC-0912E15C45F9}.Debug|Win32.Build.0 = Release|Win32
		{AD541794-E0A0-45B8-B0AC-0912E15C45F9}.Release|Win32.ActiveCfg = Release|Win32
		{AD541794-E0A0-45B8-B0AC-0912E15C45F9}.Release|Win32.Build.0 = Release|Win32
	EndGlobalSection
	GlobalSection(SolutionProperties) = preSolution
		HideSolutionNode = FALSE
	EndGlobalSection
EndGlobal
